<?xml version="1.0" encoding="utf-8"?>
<Project ToolsVersion="4.0" xmlns="http://schemas.microsoft.com/developer/msbuild/2003">
  <ItemGroup>
    <Filter Include="Lugsail">
      <UniqueIdentifier>{56CE7DF6-C2AD-FC91-CBC5-8768372463F3}</UniqueIdentifier>
    </Filter>
  </ItemGroup>
  <ItemGroup>
    <ClInclude Include="src\Lugsail.h" />
    <ClInclude Include="src\Lugsail\Application.h">
      <Filter>Lugsail</Filter>
    </ClInclude>
    <ClInclude Include="src\Lugsail\Core.h">
      <Filter>Lugsail</Filter>
    </ClInclude>
    <ClInclude Include="src\Lugsail\EntryPoint.h">
      <Filter>Lugsail</Filter>
    </ClInclude>
    <ClInclude Include="src\Lugsail\Log.h">
      <Filter>Lugsail</Filter>
    </ClInclude>
  </ItemGroup>
  <ItemGroup>
    <ClCompile Include="src\Lugsail\Application.cpp">
      <Filter>Lugsail</Filter>
    </ClCompile>
    <ClCompile Include="src\Lugsail\Log.cpp">
      <Filter>Lugsail</Filter>
    </ClCompile>
  </ItemGroup>
</Project>